
Microsoft Visual Studio Solution File, Format Version 12.00
# Visual Studio 15
VisualStudioVersion = 15.0.27004.2005
MinimumVisualStudioVersion = 10.0.40219.1
Project("{9A19103F-16F7-4668-BE54-9A1E7A4F7556}") = "SIG.WebAPICore2", "SIG.WebAPICore2\SIG.WebAPICore2.csproj", "{C17DF544-5FB6-4A35-A38F-B0B46B86022B}"
EndProject
Project("{9A19103F-16F7-4668-BE54-9A1E7A4F7556}") = "SIG.WebSiteJWT", "SIG.WebSiteJWT\SIG.WebSiteJWT.csproj", "{ABB2C047-7AA0-4618-BD56-64E1A8FCFD70}"
EndProject
Project("{9A19103F-16F7-4668-BE54-9A1E7A4F7556}") = "SIG.WebSiteWithIdentity", "SIG.WebSiteWithIdentity\SIG.WebSiteWithIdentity.csproj", "{3D6F7A7D-30FF-425B-927F-1E1DBABE5A81}"
EndProject
Project("{9A19103F-16F7-4668-BE54-9A1E7A4F7556}") = "SIG.Model", "SIG.Model\SIG.Model.csproj", "{4247E868-8046-4BC7-B801-130A49B85687}"
EndProject
Project("{9A19103F-16F7-4668-BE54-9A1E7A4F7556}") = "SIG.Data", "SIG.Data\SIG.Data.csproj", "{C4312004-6600-43D1-AA6F-C7396824C922}"
EndProject
Project("{9A19103F-16F7-4668-BE54-9A1E7A4F7556}") = "SIG.Infrastructure", "SIG.Infrastructure\SIG.Infrastructure.csproj", "{BDE45134-E755-4E1B-B921-2CD7CDDBC5F1}"
EndProject
Project("{9A19103F-16F7-4668-BE54-9A1E7A4F7556}") = "SIG.Repository", "SIG.Repository\SIG.Repository.csproj", "{9D3081A1-3EA2-4062-9569-67DA694A5A48}"
EndProject
Project("{9A19103F-16F7-4668-BE54-9A1E7A4F7556}") = "SIG.EntityFrameworkCore.AutoHistory", "SIG.EntityFrameworkCore.AutoHistory\SIG.EntityFrameworkCore.AutoHistory.csproj", "{F3E981FC-ED9E-489B-A130-6395AF2EA700}"
EndProject
Project("{9A19103F-16F7-4668-BE54-9A1E7A4F7556}") = "SIG.Resources", "SIG.Resources\SIG.Resources.csproj", "{F73D5A2D-2A97-47AD-B959-4364DDEE6BB5}"
EndProject
Project("{FAE04EC0-301F-11D3-BF4B-00C04F79EFBC}") = "SIG.Services", "SIG.Services\SIG.Services.csproj", "{9A4AFD3E-D8D4-4837-B1BD-4D57D0F34DE5}"
EndProject
Global
	GlobalSection(SolutionConfigurationPlatforms) = preSolution
		Debug|Any CPU = Debug|Any CPU
		Release|Any CPU = Release|Any CPU
	EndGlobalSection
	GlobalSection(ProjectConfigurationPlatforms) = postSolution
		{C17DF544-5FB6-4A35-A38F-B0B46B86022B}.Debug|Any CPU.ActiveCfg = Debug|Any CPU
		{C17DF544-5FB6-4A35-A38F-B0B46B86022B}.Debug|Any CPU.Build.0 = Debug|Any CPU
		{C17DF544-5FB6-4A35-A38F-B0B46B86022B}.Release|Any CPU.ActiveCfg = Release|Any CPU
		{C17DF544-5FB6-4A35-A38F-B0B46B86022B}.Release|Any CPU.Build.0 = Release|Any CPU
		{ABB2C047-7AA0-4618-BD56-64E1A8FCFD70}.Debug|Any CPU.ActiveCfg = Debug|Any CPU
		{ABB2C047-7AA0-4618-BD56-64E1A8FCFD70}.Debug|Any CPU.Build.0 = Debug|Any CPU
		{ABB2C047-7AA0-4618-BD56-64E1A8FCFD70}.Release|Any CPU.ActiveCfg = Release|Any CPU
		{ABB2C047-7AA0-4618-BD56-64E1A8FCFD70}.Release|Any CPU.Build.0 = Release|Any CPU
		{3D6F7A7D-30FF-425B-927F-1E1DBABE5A81}.Debug|Any CPU.ActiveCfg = Debug|Any CPU
		{3D6F7A7D-30FF-425B-927F-1E1DBABE5A81}.Debug|Any CPU.Build.0 = Debug|Any CPU
		{3D6F7A7D-30FF-425B-927F-1E1DBABE5A81}.Release|Any CPU.ActiveCfg = Release|Any CPU
		{3D6F7A7D-30FF-425B-927F-1E1DBABE5A81}.Release|Any CPU.Build.0 = Release|Any CPU
		{4247E868-8046-4BC7-B801-130A49B85687}.Debug|Any CPU.ActiveCfg = Debug|Any CPU
		{4247E868-8046-4BC7-B801-130A49B85687}.Debug|Any CPU.Build.0 = Debug|Any CPU
		{4247E868-8046-4BC7-B801-130A49B85687}.Release|Any CPU.ActiveCfg = Release|Any CPU
		{4247E868-8046-4BC7-B801-130A49B85687}.Release|Any CPU.Build.0 = Release|Any CPU
		{C4312004-6600-43D1-AA6F-C7396824C922}.Debug|Any CPU.ActiveCfg = Debug|Any CPU
		{C4312004-6600-43D1-AA6F-C7396824C922}.Debug|Any CPU.Build.0 = Debug|Any CPU
		{C4312004-6600-43D1-AA6F-C7396824C922}.Release|Any CPU.ActiveCfg = Release|Any CPU
		{C4312004-6600-43D1-AA6F-C7396824C922}.Release|Any CPU.Build.0 = Release|Any CPU
		{BDE45134-E755-4E1B-B921-2CD7CDDBC5F1}.Debug|Any CPU.ActiveCfg = Debug|Any CPU
		{BDE45134-E755-4E1B-B921-2CD7CDDBC5F1}.Debug|Any CPU.Build.0 = Debug|Any CPU
		{BDE45134-E755-4E1B-B921-2CD7CDDBC5F1}.Release|Any CPU.ActiveCfg = Release|Any CPU
		{BDE45134-E755-4E1B-B921-2CD7CDDBC5F1}.Release|Any CPU.Build.0 = Release|Any CPU
		{9D3081A1-3EA2-4062-9569-67DA694A5A48}.Debug|Any CPU.ActiveCfg = Debug|Any CPU
		{9D3081A1-3EA2-4062-9569-67DA694A5A48}.Debug|Any CPU.Build.0 = Debug|Any CPU
		{9D3081A1-3EA2-4062-9569-67DA694A5A48}.Release|Any CPU.ActiveCfg = Release|Any CPU
		{9D3081A1-3EA2-4062-9569-67DA694A5A48}.Release|Any CPU.Build.0 = Release|Any CPU
		{F3E981FC-ED9E-489B-A130-6395AF2EA700}.Debug|Any CPU.ActiveCfg = Debug|Any CPU
		{F3E981FC-ED9E-489B-A130-6395AF2EA700}.Debug|Any CPU.Build.0 = Debug|Any CPU
		{F3E981FC-ED9E-489B-A130-6395AF2EA700}.Release|Any CPU.ActiveCfg = Release|Any CPU
		{F3E981FC-ED9E-489B-A130-6395AF2EA700}.Release|Any CPU.Build.0 = Release|Any CPU
		{F73D5A2D-2A97-47AD-B959-4364DDEE6BB5}.Debug|Any CPU.ActiveCfg = Debug|Any CPU
		{F73D5A2D-2A97-47AD-B959-4364DDEE6BB5}.Debug|Any CPU.Build.0 = Debug|Any CPU
		{F73D5A2D-2A97-47AD-B959-4364DDEE6BB5}.Release|Any CPU.ActiveCfg = Release|Any CPU
		{F73D5A2D-2A97-47AD-B959-4364DDEE6BB5}.Release|Any CPU.Build.0 = Release|Any CPU
		{9A4AFD3E-D8D4-4837-B1BD-4D57D0F34DE5}.Debug|Any CPU.ActiveCfg = Debug|Any CPU
		{9A4AFD3E-D8D4-4837-B1BD-4D57D0F34DE5}.Debug|Any CPU.Build.0 = Debug|Any CPU
		{9A4AFD3E-D8D4-4837-B1BD-4D57D0F34DE5}.Release|Any CPU.ActiveCfg = Release|Any CPU
		{9A4AFD3E-D8D4-4837-B1BD-4D57D0F34DE5}.Release|Any CPU.Build.0 = Release|Any CPU
	EndGlobalSection
	GlobalSection(SolutionProperties) = preSolution
		HideSolutionNode = FALSE
	EndGlobalSection
	GlobalSection(ExtensibilityGlobals) = postSolution
		SolutionGuid = {B54030BF-06E9-46F9-B10C-D3895A452EE5}
	EndGlobalSection
EndGlobal
